
Microsoft Visual Studio Solution File, Format Version 12.00
# Visual Studio Version 17
VisualStudioVersion = 17.2.32630.192
MinimumVisualStudioVersion = 10.0.40219.1
Project("{9A19103F-16F7-4668-BE54-9A1E7A4F7556}") = "R5T.F0035", "R5T.F0035\R5T.F0035.csproj", "{251DA096-470F-4D29-BD06-C0A04448CC95}"
EndProject
Project("{2150E333-8FDC-42A3-9474-1A3956D46DE8}") = "_Dependencies", "_Dependencies", "{F2207F61-C10A-4D5E-A0B7-72D35FE99BE7}"
EndProject
Project("{9A19103F-16F7-4668-BE54-9A1E7A4F7556}") = "R5T.NG0002", "..\..\R5T.NG0002\source\R5T.NG0002\R5T.NG0002.csproj", "{D27FE795-FE37-40C1-8D16-0166177B4DC5}"
EndProject
Project("{9A19103F-16F7-4668-BE54-9A1E7A4F7556}") = "R5T.NG0003", "..\..\R5T.NG0003\source\R5T.NG0003\R5T.NG0003.csproj", "{A8DC2CEC-1F2A-4EEF-AD74-B8881A4454C0}"
EndProject
Project("{9A19103F-16F7-4668-BE54-9A1E7A4F7556}") = "R5T.T0132", "..\..\R5T.T0132\source\R5T.T0132\R5T.T0132.csproj", "{340EC743-6130-4B53-B5C0-C5C4F27755E6}"
EndProject
Global
	GlobalSection(SolutionConfigurationPlatforms) = preSolution
		Debug|Any CPU = Debug|Any CPU
		Release|Any CPU = Release|Any CPU
	EndGlobalSection
	GlobalSection(ProjectConfigurationPlatforms) = postSolution
		{251DA096-470F-4D29-BD06-C0A04448CC95}.Debug|Any CPU.ActiveCfg = Debug|Any CPU
		{251DA096-470F-4D29-BD06-C0A04448CC95}.Debug|Any CPU.Build.0 = Debug|Any CPU
		{251DA096-470F-4D29-BD06-C0A04448CC95}.Release|Any CPU.ActiveCfg = Release|Any CPU
		{251DA096-470F-4D29-BD06-C0A04448CC95}.Release|Any CPU.Build.0 = Release|Any CPU
		{D27FE795-FE37-40C1-8D16-0166177B4DC5}.Debug|Any CPU.ActiveCfg = Debug|Any CPU
		{D27FE795-FE37-40C1-8D16-0166177B4DC5}.Debug|Any CPU.Build.0 = Debug|Any CPU
		{D27FE795-FE37-40C1-8D16-0166177B4DC5}.Release|Any CPU.ActiveCfg = Release|Any CPU
		{D27FE795-FE37-40C1-8D16-0166177B4DC5}.Release|Any CPU.Build.0 = Release|Any CPU
		{A8DC2CEC-1F2A-4EEF-AD74-B8881A4454C0}.Debug|Any CPU.ActiveCfg = Debug|Any CPU
		{A8DC2CEC-1F2A-4EEF-AD74-B8881A4454C0}.Debug|Any CPU.Build.0 = Debug|Any CPU
		{A8DC2CEC-1F2A-4EEF-AD74-B8881A4454C0}.Release|Any CPU.ActiveCfg = Release|Any CPU
		{A8DC2CEC-1F2A-4EEF-AD74-B8881A4454C0}.Release|Any CPU.Build.0 = Release|Any CPU
		{340EC743-6130-4B53-B5C0-C5C4F27755E6}.Debug|Any CPU.ActiveCfg = Debug|Any CPU
		{340EC743-6130-4B53-B5C0-C5C4F27755E6}.Debug|Any CPU.Build.0 = Debug|Any CPU
		{340EC743-6130-4B53-B5C0-C5C4F27755E6}.Release|Any CPU.ActiveCfg = Release|Any CPU
		{340EC743-6130-4B53-B5C0-C5C4F27755E6}.Release|Any CPU.Build.0 = Release|Any CPU
	EndGlobalSection
	GlobalSection(SolutionProperties) = preSolution
		HideSolutionNode = FALSE
	EndGlobalSection
	GlobalSection(NestedProjects) = preSolution
		{D27FE795-FE37-40C1-8D16-0166177B4DC5} = {F2207F61-C10A-4D5E-A0B7-72D35FE99BE7}
		{A8DC2CEC-1F2A-4EEF-AD74-B8881A4454C0} = {F2207F61-C10A-4D5E-A0B7-72D35FE99BE7}
		{340EC743-6130-4B53-B5C0-C5C4F27755E6} = {F2207F61-C10A-4D5E-A0B7-72D35FE99BE7}
	EndGlobalSection
	GlobalSection(ExtensibilityGlobals) = postSolution
		SolutionGuid = {05210B75-C484-4320-B98B-188EEBEF7FBB}
	EndGlobalSection
EndGlobal
