
Microsoft Visual Studio Solution File, Format Version 12.00
# Visual Studio Version 17
VisualStudioVersion = 17.2.32630.192
MinimumVisualStudioVersion = 10.0.40219.1
Project("{9A19103F-16F7-4668-BE54-9A1E7A4F7556}") = "R5T.F0035", "R5T.F0035\R5T.F0035.csproj", "{251DA096-470F-4D29-BD06-C0A04448CC95}"
EndProject
Project("{2150E333-8FDC-42A3-9474-1A3956D46DE8}") = "_Dependencies", "_Dependencies", "{F2207F61-C10A-4D5E-A0B7-72D35FE99BE7}"
EndProject
Project("{9A19103F-16F7-4668-BE54-9A1E7A4F7556}") = "R5T.NG0002", "..\..\R5T.NG0002\source\R5T.NG0002\R5T.NG0002.csproj", "{D27FE795-FE37-40C1-8D16-0166177B4DC5}"
EndProject
Project("{9A19103F-16F7-4668-BE54-9A1E7A4F7556}") = "R5T.NG0003", "..\..\R5T.NG0003\source\R5T.NG0003\R5T.NG0003.csproj", "{A8DC2CEC-1F2A-4EEF-AD74-B8881A4454C0}"
EndProject
Project("{9A19103F-16F7-4668-BE54-9A1E7A4F7556}") = "R5T.T0132", "..\..\R5T.T0132\source\R5T.T0132\R5T.T0132.csproj", "{340EC743-6130-4B53-B5C0-C5C4F27755E6}"
EndProject
Project("{9A19103F-16F7-4668-BE54-9A1E7A4F7556}") = "R5T.F0035.F001", "R5T.F0035.F001\R5T.F0035.F001.csproj", "{ED742204-98F7-4B7A-95AF-EB8B4BB216EE}"
EndProject
Project("{9A19103F-16F7-4668-BE54-9A1E7A4F7556}") = "R5T.F0000", "..\..\R5T.F0000\source\R5T.F0000\R5T.F0000.csproj", "{910A141A-A833-4620-81ED-6A27216AD37A}"
EndProject
Project("{9A19103F-16F7-4668-BE54-9A1E7A4F7556}") = "R5T.T0131", "..\..\R5T.T0131\source\R5T.T0131\R5T.T0131.csproj", "{97533139-7A4E-446F-BA67-89BAAF2BAF8B}"
EndProject
Project("{9A19103F-16F7-4668-BE54-9A1E7A4F7556}") = "R5T.T0142", "..\..\R5T.T0142\source\R5T.T0142\R5T.T0142.csproj", "{F8BFD1B5-4230-438E-AA3F-2BF0770D3CE0}"
EndProject
Project("{9A19103F-16F7-4668-BE54-9A1E7A4F7556}") = "R5T.T0143", "..\..\R5T.T0143\source\R5T.T0143\R5T.T0143.csproj", "{41851AA2-2EE0-47F7-92F1-066D0E828A7E}"
EndProject
Project("{9A19103F-16F7-4668-BE54-9A1E7A4F7556}") = "R5T.T0156", "..\..\R5T.T0156\source\R5T.T0156\R5T.T0156.csproj", "{94745CA6-B01B-407D-848A-E63D55652DCD}"
EndProject
Project("{9A19103F-16F7-4668-BE54-9A1E7A4F7556}") = "R5T.Y0000", "..\..\R5T.Y0000\source\R5T.Y0000\R5T.Y0000.csproj", "{024C9976-BB88-4560-A048-54A692289F3E}"
EndProject
Project("{9A19103F-16F7-4668-BE54-9A1E7A4F7556}") = "R5T.Z0000", "..\..\R5T.Z0000\source\R5T.Z0000\R5T.Z0000.csproj", "{888892DD-D5B2-417F-92C7-9167AFFE556E}"
EndProject
Project("{9A19103F-16F7-4668-BE54-9A1E7A4F7556}") = "R5T.NG0006", "..\..\R5T.NG0006\source\R5T.NG0006\R5T.NG0006.csproj", "{0DA51582-9182-43B0-8CEC-FD4580E270F7}"
EndProject
Global
	GlobalSection(SolutionConfigurationPlatforms) = preSolution
		Debug|Any CPU = Debug|Any CPU
		Release|Any CPU = Release|Any CPU
	EndGlobalSection
	GlobalSection(ProjectConfigurationPlatforms) = postSolution
		{251DA096-470F-4D29-BD06-C0A04448CC95}.Debug|Any CPU.ActiveCfg = Debug|Any CPU
		{251DA096-470F-4D29-BD06-C0A04448CC95}.Debug|Any CPU.Build.0 = Debug|Any CPU
		{251DA096-470F-4D29-BD06-C0A04448CC95}.Release|Any CPU.ActiveCfg = Release|Any CPU
		{251DA096-470F-4D29-BD06-C0A04448CC95}.Release|Any CPU.Build.0 = Release|Any CPU
		{D27FE795-FE37-40C1-8D16-0166177B4DC5}.Debug|Any CPU.ActiveCfg = Debug|Any CPU
		{D27FE795-FE37-40C1-8D16-0166177B4DC5}.Debug|Any CPU.Build.0 = Debug|Any CPU
		{D27FE795-FE37-40C1-8D16-0166177B4DC5}.Release|Any CPU.ActiveCfg = Release|Any CPU
		{D27FE795-FE37-40C1-8D16-0166177B4DC5}.Release|Any CPU.Build.0 = Release|Any CPU
		{A8DC2CEC-1F2A-4EEF-AD74-B8881A4454C0}.Debug|Any CPU.ActiveCfg = Debug|Any CPU
		{A8DC2CEC-1F2A-4EEF-AD74-B8881A4454C0}.Debug|Any CPU.Build.0 = Debug|Any CPU
		{A8DC2CEC-1F2A-4EEF-AD74-B8881A4454C0}.Release|Any CPU.ActiveCfg = Release|Any CPU
		{A8DC2CEC-1F2A-4EEF-AD74-B8881A4454C0}.Release|Any CPU.Build.0 = Release|Any CPU
		{340EC743-6130-4B53-B5C0-C5C4F27755E6}.Debug|Any CPU.ActiveCfg = Debug|Any CPU
		{340EC743-6130-4B53-B5C0-C5C4F27755E6}.Debug|Any CPU.Build.0 = Debug|Any CPU
		{340EC743-6130-4B53-B5C0-C5C4F27755E6}.Release|Any CPU.ActiveCfg = Release|Any CPU
		{340EC743-6130-4B53-B5C0-C5C4F27755E6}.Release|Any CPU.Build.0 = Release|Any CPU
		{ED742204-98F7-4B7A-95AF-EB8B4BB216EE}.Debug|Any CPU.ActiveCfg = Debug|Any CPU
		{ED742204-98F7-4B7A-95AF-EB8B4BB216EE}.Debug|Any CPU.Build.0 = Debug|Any CPU
		{ED742204-98F7-4B7A-95AF-EB8B4BB216EE}.Release|Any CPU.ActiveCfg = Release|Any CPU
		{ED742204-98F7-4B7A-95AF-EB8B4BB216EE}.Release|Any CPU.Build.0 = Release|Any CPU
		{910A141A-A833-4620-81ED-6A27216AD37A}.Debug|Any CPU.ActiveCfg = Debug|Any CPU
		{910A141A-A833-4620-81ED-6A27216AD37A}.Debug|Any CPU.Build.0 = Debug|Any CPU
		{910A141A-A833-4620-81ED-6A27216AD37A}.Release|Any CPU.ActiveCfg = Release|Any CPU
		{910A141A-A833-4620-81ED-6A27216AD37A}.Release|Any CPU.Build.0 = Release|Any CPU
		{97533139-7A4E-446F-BA67-89BAAF2BAF8B}.Debug|Any CPU.ActiveCfg = Debug|Any CPU
		{97533139-7A4E-446F-BA67-89BAAF2BAF8B}.Debug|Any CPU.Build.0 = Debug|Any CPU
		{97533139-7A4E-446F-BA67-89BAAF2BAF8B}.Release|Any CPU.ActiveCfg = Release|Any CPU
		{97533139-7A4E-446F-BA67-89BAAF2BAF8B}.Release|Any CPU.Build.0 = Release|Any CPU
		{F8BFD1B5-4230-438E-AA3F-2BF0770D3CE0}.Debug|Any CPU.ActiveCfg = Debug|Any CPU
		{F8BFD1B5-4230-438E-AA3F-2BF0770D3CE0}.Debug|Any CPU.Build.0 = Debug|Any CPU
		{F8BFD1B5-4230-438E-AA3F-2BF0770D3CE0}.Release|Any CPU.ActiveCfg = Release|Any CPU
		{F8BFD1B5-4230-438E-AA3F-2BF0770D3CE0}.Release|Any CPU.Build.0 = Release|Any CPU
		{41851AA2-2EE0-47F7-92F1-066D0E828A7E}.Debug|Any CPU.ActiveCfg = Debug|Any CPU
		{41851AA2-2EE0-47F7-92F1-066D0E828A7E}.Debug|Any CPU.Build.0 = Debug|Any CPU
		{41851AA2-2EE0-47F7-92F1-066D0E828A7E}.Release|Any CPU.ActiveCfg = Release|Any CPU
		{41851AA2-2EE0-47F7-92F1-066D0E828A7E}.Release|Any CPU.Build.0 = Release|Any CPU
		{94745CA6-B01B-407D-848A-E63D55652DCD}.Debug|Any CPU.ActiveCfg = Debug|Any CPU
		{94745CA6-B01B-407D-848A-E63D55652DCD}.Debug|Any CPU.Build.0 = Debug|Any CPU
		{94745CA6-B01B-407D-848A-E63D55652DCD}.Release|Any CPU.ActiveCfg = Release|Any CPU
		{94745CA6-B01B-407D-848A-E63D55652DCD}.Release|Any CPU.Build.0 = Release|Any CPU
		{024C9976-BB88-4560-A048-54A692289F3E}.Debug|Any CPU.ActiveCfg = Debug|Any CPU
		{024C9976-BB88-4560-A048-54A692289F3E}.Debug|Any CPU.Build.0 = Debug|Any CPU
		{024C9976-BB88-4560-A048-54A692289F3E}.Release|Any CPU.ActiveCfg = Release|Any CPU
		{024C9976-BB88-4560-A048-54A692289F3E}.Release|Any CPU.Build.0 = Release|Any CPU
		{888892DD-D5B2-417F-92C7-9167AFFE556E}.Debug|Any CPU.ActiveCfg = Debug|Any CPU
		{888892DD-D5B2-417F-92C7-9167AFFE556E}.Debug|Any CPU.Build.0 = Debug|Any CPU
		{888892DD-D5B2-417F-92C7-9167AFFE556E}.Release|Any CPU.ActiveCfg = Release|Any CPU
		{888892DD-D5B2-417F-92C7-9167AFFE556E}.Release|Any CPU.Build.0 = Release|Any CPU
		{0DA51582-9182-43B0-8CEC-FD4580E270F7}.Debug|Any CPU.ActiveCfg = Debug|Any CPU
		{0DA51582-9182-43B0-8CEC-FD4580E270F7}.Debug|Any CPU.Build.0 = Debug|Any CPU
		{0DA51582-9182-43B0-8CEC-FD4580E270F7}.Release|Any CPU.ActiveCfg = Release|Any CPU
		{0DA51582-9182-43B0-8CEC-FD4580E270F7}.Release|Any CPU.Build.0 = Release|Any CPU
	EndGlobalSection
	GlobalSection(SolutionProperties) = preSolution
		HideSolutionNode = FALSE
	EndGlobalSection
	GlobalSection(NestedProjects) = preSolution
		{D27FE795-FE37-40C1-8D16-0166177B4DC5} = {F2207F61-C10A-4D5E-A0B7-72D35FE99BE7}
		{A8DC2CEC-1F2A-4EEF-AD74-B8881A4454C0} = {F2207F61-C10A-4D5E-A0B7-72D35FE99BE7}
		{340EC743-6130-4B53-B5C0-C5C4F27755E6} = {F2207F61-C10A-4D5E-A0B7-72D35FE99BE7}
		{910A141A-A833-4620-81ED-6A27216AD37A} = {F2207F61-C10A-4D5E-A0B7-72D35FE99BE7}
		{97533139-7A4E-446F-BA67-89BAAF2BAF8B} = {F2207F61-C10A-4D5E-A0B7-72D35FE99BE7}
		{F8BFD1B5-4230-438E-AA3F-2BF0770D3CE0} = {F2207F61-C10A-4D5E-A0B7-72D35FE99BE7}
		{41851AA2-2EE0-47F7-92F1-066D0E828A7E} = {F2207F61-C10A-4D5E-A0B7-72D35FE99BE7}
		{94745CA6-B01B-407D-848A-E63D55652DCD} = {F2207F61-C10A-4D5E-A0B7-72D35FE99BE7}
		{024C9976-BB88-4560-A048-54A692289F3E} = {F2207F61-C10A-4D5E-A0B7-72D35FE99BE7}
		{888892DD-D5B2-417F-92C7-9167AFFE556E} = {F2207F61-C10A-4D5E-A0B7-72D35FE99BE7}
		{0DA51582-9182-43B0-8CEC-FD4580E270F7} = {F2207F61-C10A-4D5E-A0B7-72D35FE99BE7}
	EndGlobalSection
	GlobalSection(ExtensibilityGlobals) = postSolution
		SolutionGuid = {05210B75-C484-4320-B98B-188EEBEF7FBB}
	EndGlobalSection
EndGlobal
