
Microsoft Visual Studio Solution File, Format Version 12.00
# Visual Studio Version 16
VisualStudioVersion = 16.0.32002.261
MinimumVisualStudioVersion = 10.0.40219.1
Project("{9A19103F-16F7-4668-BE54-9A1E7A4F7556}") = "R5T.F0035", "R5T.F0035\R5T.F0035.csproj", "{251DA096-470F-4D29-BD06-C0A04448CC95}"
EndProject
Global
	GlobalSection(SolutionConfigurationPlatforms) = preSolution
		Debug|Any CPU = Debug|Any CPU
		Release|Any CPU = Release|Any CPU
	EndGlobalSection
	GlobalSection(ProjectConfigurationPlatforms) = postSolution
		{251DA096-470F-4D29-BD06-C0A04448CC95}.Debug|Any CPU.ActiveCfg = Debug|Any CPU
		{251DA096-470F-4D29-BD06-C0A04448CC95}.Debug|Any CPU.Build.0 = Debug|Any CPU
		{251DA096-470F-4D29-BD06-C0A04448CC95}.Release|Any CPU.ActiveCfg = Release|Any CPU
		{251DA096-470F-4D29-BD06-C0A04448CC95}.Release|Any CPU.Build.0 = Release|Any CPU
	EndGlobalSection
	GlobalSection(SolutionProperties) = preSolution
		HideSolutionNode = FALSE
	EndGlobalSection
	GlobalSection(ExtensibilityGlobals) = postSolution
		SolutionGuid = {05210B75-C484-4320-B98B-188EEBEF7FBB}
	EndGlobalSection
EndGlobal
